
Microsoft Visual Studio Solution File, Format Version 12.00
# Visual Studio Version 17
VisualStudioVersion = 17.8.34330.188
MinimumVisualStudioVersion = 10.0.40219.1
Project("{9A19103F-16F7-4668-BE54-9A1E7A4F7556}") = "MyCalculator", "MyCalculator_v3.0\MyCalculator.csproj", "{1954279F-D027-4A79-951F-88AC24CC02F0}"
	ProjectSection(ProjectDependencies) = postProject
		{AC075BEC-A3CE-48E0-9DFE-91E612758D04} = {AC075BEC-A3CE-48E0-9DFE-91E612758D04}
	EndProjectSection
EndProject
Project("{8BC9CEB8-8B4A-11D0-8D11-00A0C91BC942}") = "ModelLibrary", "ModelLibrary\ModelLibrary.vcxproj", "{AC075BEC-A3CE-48E0-9DFE-91E612758D04}"
EndProject
Global
	GlobalSection(SolutionConfigurationPlatforms) = preSolution
		Debug|Any CPU = Debug|Any CPU
		Debug|x64 = Debug|x64
		Debug|x86 = Debug|x86
		Release|Any CPU = Release|Any CPU
		Release|x64 = Release|x64
		Release|x86 = Release|x86
	EndGlobalSection
	GlobalSection(ProjectConfigurationPlatforms) = postSolution
		{1954279F-D027-4A79-951F-88AC24CC02F0}.Debug|Any CPU.ActiveCfg = Debug|Any CPU
		{1954279F-D027-4A79-951F-88AC24CC02F0}.Debug|Any CPU.Build.0 = Debug|Any CPU
		{1954279F-D027-4A79-951F-88AC24CC02F0}.Debug|Any CPU.Deploy.0 = Debug|Any CPU
		{1954279F-D027-4A79-951F-88AC24CC02F0}.Debug|x64.ActiveCfg = Debug|Any CPU
		{1954279F-D027-4A79-951F-88AC24CC02F0}.Debug|x64.Build.0 = Debug|Any CPU
		{1954279F-D027-4A79-951F-88AC24CC02F0}.Debug|x64.Deploy.0 = Debug|Any CPU
		{1954279F-D027-4A79-951F-88AC24CC02F0}.Debug|x86.ActiveCfg = Debug|Any CPU
		{1954279F-D027-4A79-951F-88AC24CC02F0}.Debug|x86.Build.0 = Debug|Any CPU
		{1954279F-D027-4A79-951F-88AC24CC02F0}.Debug|x86.Deploy.0 = Debug|Any CPU
		{1954279F-D027-4A79-951F-88AC24CC02F0}.Release|Any CPU.ActiveCfg = Release|Any CPU
		{1954279F-D027-4A79-951F-88AC24CC02F0}.Release|Any CPU.Build.0 = Release|Any CPU
		{1954279F-D027-4A79-951F-88AC24CC02F0}.Release|Any CPU.Deploy.0 = Release|Any CPU
		{1954279F-D027-4A79-951F-88AC24CC02F0}.Release|x64.ActiveCfg = Release|Any CPU
		{1954279F-D027-4A79-951F-88AC24CC02F0}.Release|x64.Build.0 = Release|Any CPU
		{1954279F-D027-4A79-951F-88AC24CC02F0}.Release|x64.Deploy.0 = Release|Any CPU
		{1954279F-D027-4A79-951F-88AC24CC02F0}.Release|x86.ActiveCfg = Release|Any CPU
		{1954279F-D027-4A79-951F-88AC24CC02F0}.Release|x86.Build.0 = Release|Any CPU
		{1954279F-D027-4A79-951F-88AC24CC02F0}.Release|x86.Deploy.0 = Release|Any CPU
		{AC075BEC-A3CE-48E0-9DFE-91E612758D04}.Debug|Any CPU.ActiveCfg = Debug|x64
		{AC075BEC-A3CE-48E0-9DFE-91E612758D04}.Debug|Any CPU.Build.0 = Debug|x64
		{AC075BEC-A3CE-48E0-9DFE-91E612758D04}.Debug|x64.ActiveCfg = Debug|x64
		{AC075BEC-A3CE-48E0-9DFE-91E612758D04}.Debug|x64.Build.0 = Debug|x64
		{AC075BEC-A3CE-48E0-9DFE-91E612758D04}.Debug|x86.ActiveCfg = Debug|Win32
		{AC075BEC-A3CE-48E0-9DFE-91E612758D04}.Debug|x86.Build.0 = Debug|Win32
		{AC075BEC-A3CE-48E0-9DFE-91E612758D04}.Release|Any CPU.ActiveCfg = Release|x64
		{AC075BEC-A3CE-48E0-9DFE-91E612758D04}.Release|Any CPU.Build.0 = Release|x64
		{AC075BEC-A3CE-48E0-9DFE-91E612758D04}.Release|x64.ActiveCfg = Release|x64
		{AC075BEC-A3CE-48E0-9DFE-91E612758D04}.Release|x64.Build.0 = Release|x64
		{AC075BEC-A3CE-48E0-9DFE-91E612758D04}.Release|x86.ActiveCfg = Release|Win32
		{AC075BEC-A3CE-48E0-9DFE-91E612758D04}.Release|x86.Build.0 = Release|Win32
	EndGlobalSection
	GlobalSection(SolutionProperties) = preSolution
		HideSolutionNode = FALSE
	EndGlobalSection
	GlobalSection(ExtensibilityGlobals) = postSolution
		SolutionGuid = {4ACE9307-E280-4843-B8E0-CAEAE4A84697}
	EndGlobalSection
EndGlobal
